
Microsoft Visual Studio Solution File, Format Version 12.00
# Visual Studio Version 17
VisualStudioVersion = 17.3.32811.315
MinimumVisualStudioVersion = 10.0.40219.1
Project("{FAE04EC0-301F-11D3-BF4B-00C04F79EFBC}") = "Phase1Project", "Phase1Project\Phase1Project.csproj", "{0F0756AE-F7B7-4DD3-BF6D-70C60258B81B}"
EndProject
Global
	GlobalSection(SolutionConfigurationPlatforms) = preSolution
		Debug|Any CPU = Debug|Any CPU
		Release|Any CPU = Release|Any CPU
	EndGlobalSection
	GlobalSection(ProjectConfigurationPlatforms) = postSolution
		{0F0756AE-F7B7-4DD3-BF6D-70C60258B81B}.Debug|Any CPU.ActiveCfg = Debug|Any CPU
		{0F0756AE-F7B7-4DD3-BF6D-70C60258B81B}.Debug|Any CPU.Build.0 = Debug|Any CPU
		{0F0756AE-F7B7-4DD3-BF6D-70C60258B81B}.Release|Any CPU.ActiveCfg = Release|Any CPU
		{0F0756AE-F7B7-4DD3-BF6D-70C60258B81B}.Release|Any CPU.Build.0 = Release|Any CPU
	EndGlobalSection
	GlobalSection(SolutionProperties) = preSolution
		HideSolutionNode = FALSE
	EndGlobalSection
	GlobalSection(ExtensibilityGlobals) = postSolution
		SolutionGuid = {0CD4B367-06CF-4099-BCD4-541C036E526A}
	EndGlobalSection
EndGlobal
